{
  "version": "4",
  "specifiers": {
    "jsr:@david/code-block-writer@^13.0.2": "13.0.3",
    "jsr:@david/path@0.2": "0.2.0",
    "jsr:@david/temp@~0.1.1": "0.1.1",
    "jsr:@deno/cache-dir@0.20": "0.20.1",
    "jsr:@deno/dnt@~0.42.1": "0.42.1",
    "jsr:@deno/graph@0.86": "0.86.9",
    "jsr:@qnighy/dedent@*": "0.1.2",
    "jsr:@std/assert@*": "1.0.13",
    "jsr:@std/bytes@^1.0.5": "1.0.6",
    "jsr:@std/bytes@^1.0.6": "1.0.6",
    "jsr:@std/cli@*": "1.0.20",
    "jsr:@std/crypto@^1.0.5": "1.0.5",
    "jsr:@std/encoding@^1.0.6": "1.0.10",
    "jsr:@std/fmt@1": "1.0.8",
    "jsr:@std/fmt@^1.0.3": "1.0.8",
    "jsr:@std/fmt@^1.0.4": "1.0.8",
    "jsr:@std/fs@1": "1.0.19",
    "jsr:@std/fs@^1.0.10": "1.0.19",
    "jsr:@std/fs@^1.0.6": "1.0.19",
    "jsr:@std/internal@^1.0.6": "1.0.9",
    "jsr:@std/internal@^1.0.9": "1.0.9",
    "jsr:@std/io@0.225": "0.225.2",
    "jsr:@std/path@1": "1.1.1",
    "jsr:@std/path@^1.0.8": "1.1.1",
    "jsr:@std/path@^1.1.1": "1.1.1",
    "jsr:@std/streams@^1.0.9": "1.0.10",
    "jsr:@std/tar@~0.1.4": "0.1.6",
    "jsr:@std/uuid@*": "1.0.9",
    "jsr:@ts-morph/bootstrap@0.25": "0.25.0",
    "jsr:@ts-morph/common@0.25": "0.25.0"
  },
  "jsr": {
    "@david/code-block-writer@13.0.3": {
      "integrity": "f98c77d320f5957899a61bfb7a9bead7c6d83ad1515daee92dbacc861e13bb7f"
    },
    "@david/path@0.2.0": {
      "integrity": "f2d7aa7f02ce5a55e27c09f9f1381794acb09d328f8d3c8a2e3ab3ffc294dccd",
      "dependencies": [
        "jsr:@std/fs@1",
        "jsr:@std/path@1"
      ]
    },
    "@david/temp@0.1.1": {
      "integrity": "3974e3aa76536bd831294b72f5b70bfb67af3f4119ae334360e321f6ded18840",
      "dependencies": [
        "jsr:@david/path"
      ]
    },
    "@deno/cache-dir@0.20.1": {
      "integrity": "dc4f3add14307f3ff3b712441ea4acabcbfc9a13f67c5adc78c3aac16ac5e2a0",
      "dependencies": [
        "jsr:@deno/graph",
        "jsr:@std/fmt@^1.0.3",
        "jsr:@std/fs@^1.0.6",
        "jsr:@std/io",
        "jsr:@std/path@^1.0.8"
      ]
    },
    "@deno/dnt@0.42.1": {
      "integrity": "85322b38eb40d4e8c5216d62536152c35b1bda9dc47c8c60860610397b960223",
      "dependencies": [
        "jsr:@david/code-block-writer",
        "jsr:@deno/cache-dir",
        "jsr:@std/fmt@1",
        "jsr:@std/fs@1",
        "jsr:@std/path@1",
        "jsr:@ts-morph/bootstrap"
      ]
    },
    "@deno/graph@0.86.9": {
      "integrity": "c4f353a695bcc5246c099602977dabc6534eacea9999a35a8cb24e807192e6a1"
    },
    "@deno/wasmbuild@0.19.2": {
      "integrity": "f4a92beae788e2fd68189aefb6a6d8c3be79519c3ef8429a10519296379c33d1",
      "dependencies": [
        "jsr:@david/path",
        "jsr:@david/temp",
        "jsr:@std/encoding",
        "jsr:@std/fmt@^1.0.4",
        "jsr:@std/fs@^1.0.10",
        "jsr:@std/tar"
      ]
    },
    "@qnighy/dedent@0.1.2": {
      "integrity": "9e420cff5b0082dba168385c9dfc56f25ef9a07999605e5fc9bc2058529998ee"
    },
    "@std/assert@1.0.13": {
      "integrity": "ae0d31e41919b12c656c742b22522c32fb26ed0cba32975cb0de2a273cb68b29",
      "dependencies": [
        "jsr:@std/internal@^1.0.6"
      ]
    },
    "@std/bytes@1.0.6": {
      "integrity": "f6ac6adbd8ccd99314045f5703e23af0a68d7f7e58364b47d2c7f408aeb5820a"
    },
    "@std/cli@1.0.20": {
      "integrity": "a8c384a2c98cec6ec6a2055c273a916e2772485eb784af0db004c5ab8ba52333"
    },
    "@std/crypto@1.0.5": {
      "integrity": "0dcfbb319fe0bba1bd3af904ceb4f948cde1b92979ec1614528380ed308a3b40"
    },
    "@std/encoding@1.0.10": {
      "integrity": "8783c6384a2d13abd5e9e87a7ae0520a30e9f56aeeaa3bdf910a3eaaf5c811a1"
    },
    "@std/fmt@1.0.8": {
      "integrity": "71e1fc498787e4434d213647a6e43e794af4fd393ef8f52062246e06f7e372b7"
    },
    "@std/fs@1.0.19": {
      "integrity": "051968c2b1eae4d2ea9f79a08a3845740ef6af10356aff43d3e2ef11ed09fb06",
      "dependencies": [
        "jsr:@std/internal@^1.0.9",
        "jsr:@std/path@^1.1.1"
      ]
    },
    "@std/internal@1.0.9": {
      "integrity": "bdfb97f83e4db7a13e8faab26fb1958d1b80cc64366501af78a0aee151696eb8"
    },
    "@std/io@0.225.2": {
      "integrity": "3c740cd4ee4c082e6cfc86458f47e2ab7cb353dc6234d5e9b1f91a2de5f4d6c7",
      "dependencies": [
        "jsr:@std/bytes@^1.0.5"
      ]
    },
    "@std/path@1.1.1": {
      "integrity": "fe00026bd3a7e6a27f73709b83c607798be40e20c81dde655ce34052fd82ec76",
      "dependencies": [
        "jsr:@std/internal@^1.0.9"
      ]
    },
    "@std/streams@1.0.10": {
      "integrity": "75c0b1431873cd0d8b3d679015220204d36d3c7420d93b60acfc379eb0dc30af"
    },
    "@std/tar@0.1.6": {
      "integrity": "7f06a5359518262207e1c28ea965fd552dff3ba2047d2e9225339af287b1f3a4",
      "dependencies": [
        "jsr:@std/streams"
      ]
    },
    "@std/uuid@1.0.9": {
      "integrity": "44b627bf2d372fe1bd099e2ad41b2be41a777fc94e62a3151006895a037f1642",
      "dependencies": [
        "jsr:@std/bytes@^1.0.6",
        "jsr:@std/crypto"
      ]
    },
    "@ts-morph/bootstrap@0.25.0": {
      "integrity": "3cd33ee80ac0aab8e5d2660c639a02187f0c8abfe454636ce86c00eb7e8407db",
      "dependencies": [
        "jsr:@ts-morph/common"
      ]
    },
    "@ts-morph/common@0.25.0": {
      "integrity": "e3ed1771e2fb61fbc3d2cb39ebbc4f89cd686d6d9bc6d91a71372be055ac1967",
      "dependencies": [
        "jsr:@std/fs@1",
        "jsr:@std/path@1"
      ]
    }
  },
  "remote": {
    "https://deno.land/std@0.224.0/collections/_utils.ts": "b2ec8ada31b5a72ebb1d99774b849b4c09fe4b3a38d07794bd010bd218a16e0b",
    "https://deno.land/std@0.224.0/collections/deep_merge.ts": "04f8d2a6cfa15c7580e788689bcb5e162512b9ccb18bab1241824b432a78551e",
    "https://deno.land/std@0.224.0/fmt/bytes.ts": "7b294a4b9cf0297efa55acb55d50610f3e116a0ac772d1df0ae00f0b833ccd4a",
    "https://deno.land/std@0.224.0/toml/_parser.ts": "187560eb4465977808b18c68299e1f5a6e4631c0a181d868c8f24722cf9146d1",
    "https://deno.land/std@0.224.0/toml/mod.ts": "a457ea7877a6d5e7f3d6985c43da4d2ecd7461038d5c4c7a0089737e90a7ee90",
    "https://deno.land/std@0.224.0/toml/parse.ts": "2f0729a8f62c7e508af8dfada0386a4bc2c0d664ef4d26090df03cf495dcb25a",
    "https://deno.land/std@0.224.0/toml/stringify.ts": "8b9ba3c1bf8fa7d58d7b62ad62b3174dbbc51050d5cc302aa8e2834089c00d73"
  },
  "workspace": {
    "dependencies": [
      "jsr:@deno/dnt@~0.42.1"
    ]
  }
}
